{
  "name": "chessbot",
  "version": "1.0.0",
  "lockfileVersion": 2,
  "requires": true,
  "packages": {
    "": {
      "name": "chessbot",
      "version": "1.0.0",
      "license": "ISC",
      "dependencies": {
        "chess.js": "^0.13.0",
        "child_process": "^1.0.2",
        "say": "^0.16.0",
        "ws": "^8.5.0"
      }
    },
    "node_modules/chess.js": {
      "version": "0.13.0",
      "resolved": "https://registry.npmjs.org/chess.js/-/chess.js-0.13.0.tgz",
      "integrity": "sha512-JxdmZw4Gmg0SZJmmRgzLJd32kmlWryzZxMqatvJr16XWqkPjseod2oMdaWzrhA0gC/c686T/em0wKtEjR7d2sA=="
    },
    "node_modules/child_process": {
      "version": "1.0.2",
      "resolved": "https://registry.npmjs.org/child_process/-/child_process-1.0.2.tgz",
      "integrity": "sha1-sffn/HPSXn/R1FWtyU4UODAYK1o="
    },
    "node_modules/one-time": {
      "version": "0.0.4",
      "resolved": "https://registry.npmjs.org/one-time/-/one-time-0.0.4.tgz",
      "integrity": "sha1-+M33eISCb+Tf+T46nMN7HkSAdC4="
    },
    "node_modules/say": {
      "version": "0.16.0",
      "resolved": "https://registry.npmjs.org/say/-/say-0.16.0.tgz",
      "integrity": "sha512-yEfncNu3I6lcZ6RIrXgE9DqbrEmvV5uQQ8ReM14u/DodlvJYpveqNphO55RLMSj77b06ZKNif/FLmhzQxcuUXg==",
      "dependencies": {
        "one-time": "0.0.4"
      },
      "engines": {
        "node": ">=6.9"
      }
    },
    "node_modules/ws": {
      "version": "8.5.0",
      "resolved": "https://registry.npmjs.org/ws/-/ws-8.5.0.tgz",
      "integrity": "sha512-BWX0SWVgLPzYwF8lTzEy1egjhS4S4OEAHfsO8o65WOVsrnSRGaSiUaa9e0ggGlkMTtBlmOpEXiie9RUcBO86qg==",
      "engines": {
        "node": ">=10.0.0"
      },
      "peerDependencies": {
        "bufferutil": "^4.0.1",
        "utf-8-validate": "^5.0.2"
      },
      "peerDependenciesMeta": {
        "bufferutil": {
          "optional": true
        },
        "utf-8-validate": {
          "optional": true
        }
      }
    }
  },
  "dependencies": {
    "chess.js": {
      "version": "0.13.0",
      "resolved": "https://registry.npmjs.org/chess.js/-/chess.js-0.13.0.tgz",
      "integrity": "sha512-JxdmZw4Gmg0SZJmmRgzLJd32kmlWryzZxMqatvJr16XWqkPjseod2oMdaWzrhA0gC/c686T/em0wKtEjR7d2sA=="
    },
    "child_process": {
      "version": "1.0.2",
      "resolved": "https://registry.npmjs.org/child_process/-/child_process-1.0.2.tgz",
      "integrity": "sha1-sffn/HPSXn/R1FWtyU4UODAYK1o="
    },
    "one-time": {
      "version": "0.0.4",
      "resolved": "https://registry.npmjs.org/one-time/-/one-time-0.0.4.tgz",
      "integrity": "sha1-+M33eISCb+Tf+T46nMN7HkSAdC4="
    },
    "say": {
      "version": "0.16.0",
      "resolved": "https://registry.npmjs.org/say/-/say-0.16.0.tgz",
      "integrity": "sha512-yEfncNu3I6lcZ6RIrXgE9DqbrEmvV5uQQ8ReM14u/DodlvJYpveqNphO55RLMSj77b06ZKNif/FLmhzQxcuUXg==",
      "requires": {
        "one-time": "0.0.4"
      }
    },
    "ws": {
      "version": "8.5.0",
      "resolved": "https://registry.npmjs.org/ws/-/ws-8.5.0.tgz",
      "integrity": "sha512-BWX0SWVgLPzYwF8lTzEy1egjhS4S4OEAHfsO8o65WOVsrnSRGaSiUaa9e0ggGlkMTtBlmOpEXiie9RUcBO86qg==",
      "requires": {}
    }
  }
}
